hash: 8f4c399e070588cfd125f8c8cd2cfa7b830ed8835a3e3dfece56b009edf62e9a
updated: 2017-05-01T01:29:21.0210706+08:00
imports:
- name: github.com/gorilla/context
  version: 08b5f424b9271eedf6f9f0ce86cb9396ed337a42
- name: github.com/gorilla/mux
  version: 392c28fe23e1c45ddba891b0320b3b5df220beea
- name: github.com/oschwald/geoip2-golang
  version: 5b1dc16861f81d05d9836bb21c2d0d65282fc0b8
- name: github.com/oschwald/maxminddb-golang
  version: f6c93ffae8caa8c38fb52468c7af9006d7baeb8e
- name: github.com/paulmach/go.geo
  version: e8994de4ca767ad1e416ce5e185f83538f0661a8
- name: github.com/paulmach/go.geojson
  version: 16c6a8e9da10025ce1b0c4515298e5bb4289a8c4
- name: golang.org/x/sys
  version: 9ccfe848b9db8435a24c424abbc07a921adf1df5
  subpackages:
  - unix
  - windows
testImports:
- name: github.com/qiniu/log
  version: a304a74568d6982c5b89de1c68ac8fca3add196a
- name: github.com/qiniu/mockhttp.v2
  version: d192e3eabdfabaef51d433d72c70968dde3660fa
- name: github.com/qiniu/rpc
  version: 75b48c8b1680a50d252be83ce2e1382760ae03e0
